
Microsoft Visual Studio Solution File, Format Version 12.00
# Visual Studio Version 16
VisualStudioVersion = 16.0.32002.261
MinimumVisualStudioVersion = 10.0.40219.1
Project("{FAE04EC0-301F-11D3-BF4B-00C04F79EFBC}") = "PictureGallery_System_Lavrentev", "PictureGallery_System_Lavrentev.csproj", "{F6125AF7-BC20-497D-8FAE-6156B1745EF8}"
EndProject
Project("{FAE04EC0-301F-11D3-BF4B-00C04F79EFBC}") = "UnitTests_PictureGallery", "..\UnitTests_PictureGallery\UnitTests_PictureGallery.csproj", "{650E82E1-3083-45DF-B9F0-A17A3E0C0900}"
EndProject
Global
	GlobalSection(SolutionConfigurationPlatforms) = preSolution
		Debug|Any CPU = Debug|Any CPU
		Release|Any CPU = Release|Any CPU
	EndGlobalSection
	GlobalSection(ProjectConfigurationPlatforms) = postSolution
		{F6125AF7-BC20-497D-8FAE-6156B1745EF8}.Debug|Any CPU.ActiveCfg = Debug|Any CPU
		{F6125AF7-BC20-497D-8FAE-6156B1745EF8}.Debug|Any CPU.Build.0 = Debug|Any CPU
		{F6125AF7-BC20-497D-8FAE-6156B1745EF8}.Release|Any CPU.ActiveCfg = Release|Any CPU
		{F6125AF7-BC20-497D-8FAE-6156B1745EF8}.Release|Any CPU.Build.0 = Release|Any CPU
		{650E82E1-3083-45DF-B9F0-A17A3E0C0900}.Debug|Any CPU.ActiveCfg = Debug|Any CPU
		{650E82E1-3083-45DF-B9F0-A17A3E0C0900}.Debug|Any CPU.Build.0 = Debug|Any CPU
		{650E82E1-3083-45DF-B9F0-A17A3E0C0900}.Release|Any CPU.ActiveCfg = Release|Any CPU
		{650E82E1-3083-45DF-B9F0-A17A3E0C0900}.Release|Any CPU.Build.0 = Release|Any CPU
	EndGlobalSection
	GlobalSection(SolutionProperties) = preSolution
		HideSolutionNode = FALSE
	EndGlobalSection
	GlobalSection(ExtensibilityGlobals) = postSolution
		SolutionGuid = {A9C6003B-1C25-4E98-BB48-E93D6AC39E9C}
	EndGlobalSection
EndGlobal
